// !$*UTF8*$!
{
	archiveVersion = 1;
	classes = {
	};
	objectVersion = 56;
	objects = {

/* Begin PBXBuildFile section */
		927BD9542B1193BF001693B8 /* gosub_client_macosApp.swift in Sources */ = {isa = PBXBuildFile; fileRef = 927BD9532B1193BF001693B8 /* gosub_client_macosApp.swift */; };
		927BD9562B1193BF001693B8 /* ContentView.swift in Sources */ = {isa = PBXBuildFile; fileRef = 927BD9552B1193BF001693B8 /* ContentView.swift */; };
		927BD9582B1193C0001693B8 /* Assets.xcassets in Resources */ = {isa = PBXBuildFile; fileRef = 927BD9572B1193C0001693B8 /* Assets.xcassets */; };
		927BD95B2B1193C0001693B8 /* Preview Assets.xcassets in Resources */ = {isa = PBXBuildFile; fileRef = 927BD95A2B1193C0001693B8 /* Preview Assets.xcassets */; };
		927BD9742B119902001693B8 /* include in Resources */ = {isa = PBXBuildFile; fileRef = 927BD9732B119902001693B8 /* include */; };
		927BD97B2B11A3D0001693B8 /* lib in Resources */ = {isa = PBXBuildFile; fileRef = 927BD97A2B11A3D0001693B8 /* lib */; };
		927BD97E2B11A3E0001693B8 /* libgosub_bindings.a in Frameworks */ = {isa = PBXBuildFile; fileRef = 927BD97C2B11A3E0001693B8 /* libgosub_bindings.a */; };
		927BD97F2B11A3E0001693B8 /* libgosub.a in Frameworks */ = {isa = PBXBuildFile; fileRef = 927BD97D2B11A3E0001693B8 /* libgosub.a */; };
		927BD9812B11AA99001693B8 /* RenderItem.swift in Sources */ = {isa = PBXBuildFile; fileRef = 927BD9802B11AA99001693B8 /* RenderItem.swift */; };
		927BD9832B11AD08001693B8 /* TextItem.swift in Sources */ = {isa = PBXBuildFile; fileRef = 927BD9822B11AD08001693B8 /* TextItem.swift */; };
		927BD9852B11BB92001693B8 /* RenderTree.swift in Sources */ = {isa = PBXBuildFile; fileRef = 927BD9842B11BB92001693B8 /* RenderTree.swift */; };
/* End PBXBuildFile section */

/* Begin PBXFileReference section */
		927BD9502B1193BF001693B8 /* gosub-client-macos.app */ = {isa = PBXFileReference; explicitFileType = wrapper.application; includeInIndex = 0; path = "gosub-client-macos.app"; sourceTree = BUILT_PRODUCTS_DIR; };
		927BD9532B1193BF001693B8 /* gosub_client_macosApp.swift */ = {isa = PBXFileReference; lastKnownFileType = sourcecode.swift; path = gosub_client_macosApp.swift; sourceTree = "<group>"; };
		927BD9552B1193BF001693B8 /* ContentView.swift */ = {isa = PBXFileReference; lastKnownFileType = sourcecode.swift; path = ContentView.swift; sourceTree = "<group>"; };
		927BD9572B1193C0001693B8 /* Assets.xcassets */ = {isa = PBXFileReference; lastKnownFileType = folder.assetcatalog; path = Assets.xcassets; sourceTree = "<group>"; };
		927BD95A2B1193C0001693B8 /* Preview Assets.xcassets */ = {isa = PBXFileReference; lastKnownFileType = folder.assetcatalog; path = "Preview Assets.xcassets"; sourceTree = "<group>"; };
		927BD95C2B1193C0001693B8 /* gosub_client_macos.entitlements */ = {isa = PBXFileReference; lastKnownFileType = text.plist.entitlements; path = gosub_client_macos.entitlements; sourceTree = "<group>"; };
		927BD9732B119902001693B8 /* include */ = {isa = PBXFileReference; lastKnownFileType = folder; path = include; sourceTree = "<group>"; };
		927BD9792B119F92001693B8 /* gosub-client-macos-Bridging-Header.h */ = {isa = PBXFileReference; lastKnownFileType = sourcecode.c.h; path = "gosub-client-macos-Bridging-Header.h"; sourceTree = "<group>"; };
		927BD97A2B11A3D0001693B8 /* lib */ = {isa = PBXFileReference; lastKnownFileType = folder; path = lib; sourceTree = "<group>"; };
		927BD97C2B11A3E0001693B8 /* libgosub_bindings.a */ = {isa = PBXFileReference; lastKnownFileType = archive.ar; name = libgosub_bindings.a; path = lib/libgosub_bindings.a; sourceTree = "<group>"; };
		927BD97D2B11A3E0001693B8 /* libgosub.a */ = {isa = PBXFileReference; lastKnownFileType = archive.ar; name = libgosub.a; path = lib/libgosub.a; sourceTree = "<group>"; };
		927BD9802B11AA99001693B8 /* RenderItem.swift */ = {isa = PBXFileReference; lastKnownFileType = sourcecode.swift; path = RenderItem.swift; sourceTree = "<group>"; };
		927BD9822B11AD08001693B8 /* TextItem.swift */ = {isa = PBXFileReference; lastKnownFileType = sourcecode.swift; path = TextItem.swift; sourceTree = "<group>"; };
		927BD9842B11BB92001693B8 /* RenderTree.swift */ = {isa = PBXFileReference; lastKnownFileType = sourcecode.swift; path = RenderTree.swift; sourceTree = "<group>"; };
/* End PBXFileReference section */

/* Begin PBXFrameworksBuildPhase section */
		927BD94D2B1193BF001693B8 /* Frameworks */ = {
			isa = PBXFrameworksBuildPhase;
			buildActionMask = 2147483647;
			files = (
				927BD97E2B11A3E0001693B8 /* libgosub_bindings.a in Frameworks */,
				927BD97F2B11A3E0001693B8 /* libgosub.a in Frameworks */,
			);
			runOnlyForDeploymentPostprocessing = 0;
		};
/* End PBXFrameworksBuildPhase section */

/* Begin PBXGroup section */
		927BD9472B1193BF001693B8 = {
			isa = PBXGroup;
			children = (
				927BD97A2B11A3D0001693B8 /* lib */,
				927BD9792B119F92001693B8 /* gosub-client-macos-Bridging-Header.h */,
				927BD9732B119902001693B8 /* include */,
				927BD9522B1193BF001693B8 /* gosub-client-macos */,
				927BD9512B1193BF001693B8 /* Products */,
				927BD9642B119598001693B8 /* Frameworks */,
			);
			sourceTree = "<group>";
		};
		927BD9512B1193BF001693B8 /* Products */ = {
			isa = PBXGroup;
			children = (
				927BD9502B1193BF001693B8 /* gosub-client-macos.app */,
			);
			name = Products;
			sourceTree = "<group>";
		};
		927BD9522B1193BF001693B8 /* gosub-client-macos */ = {
			isa = PBXGroup;
			children = (
				927BD9532B1193BF001693B8 /* gosub_client_macosApp.swift */,
				927BD9552B1193BF001693B8 /* ContentView.swift */,
				927BD9572B1193C0001693B8 /* Assets.xcassets */,
				927BD95C2B1193C0001693B8 /* gosub_client_macos.entitlements */,
				927BD9592B1193C0001693B8 /* Preview Content */,
				927BD9802B11AA99001693B8 /* RenderItem.swift */,
				927BD9822B11AD08001693B8 /* TextItem.swift */,
				927BD9842B11BB92001693B8 /* RenderTree.swift */,
			);
			path = "gosub-client-macos";
			sourceTree = "<group>";
		};
		927BD9592B1193C0001693B8 /* Preview Content */ = {
			isa = PBXGroup;
			children = (
				927BD95A2B1193C0001693B8 /* Preview Assets.xcassets */,
			);
			path = "Preview Content";
			sourceTree = "<group>";
		};
		927BD9642B119598001693B8 /* Frameworks */ = {
			isa = PBXGroup;
			children = (
				927BD97C2B11A3E0001693B8 /* libgosub_bindings.a */,
				927BD97D2B11A3E0001693B8 /* libgosub.a */,
			);
			name = Frameworks;
			sourceTree = "<group>";
		};
/* End PBXGroup section */

/* Begin PBXNativeTarget section */
		927BD94F2B1193BF001693B8 /* gosub-client-macos */ = {
			isa = PBXNativeTarget;
			buildConfigurationList = 927BD95F2B1193C0001693B8 /* Build configuration list for PBXNativeTarget "gosub-client-macos" */;
			buildPhases = (
				927BD94C2B1193BF001693B8 /* Sources */,
				927BD94D2B1193BF001693B8 /* Frameworks */,
				927BD94E2B1193BF001693B8 /* Resources */,
			);
			buildRules = (
			);
			dependencies = (
			);
			name = "gosub-client-macos";
			productName = "gosub-client-macos";
			productReference = 927BD9502B1193BF001693B8 /* gosub-client-macos.app */;
			productType = "com.apple.product-type.application";
		};
/* End PBXNativeTarget section */

/* Begin PBXProject section */
		927BD9482B1193BF001693B8 /* Project object */ = {
			isa = PBXProject;
			attributes = {
				BuildIndependentTargetsInParallel = 1;
				LastSwiftUpdateCheck = 1500;
				LastUpgradeCheck = 1500;
				TargetAttributes = {
					927BD94F2B1193BF001693B8 = {
						CreatedOnToolsVersion = 15.0.1;
					};
				};
			};
			buildConfigurationList = 927BD94B2B1193BF001693B8 /* Build configuration list for PBXProject "gosub-client-macos" */;
			compatibilityVersion = "Xcode 14.0";
			developmentRegion = en;
			hasScannedForEncodings = 0;
			knownRegions = (
				en,
				Base,
			);
			mainGroup = 927BD9472B1193BF001693B8;
			productRefGroup = 927BD9512B1193BF001693B8 /* Products */;
			projectDirPath = "";
			projectRoot = "";
			targets = (
				927BD94F2B1193BF001693B8 /* gosub-client-macos */,
			);
		};
/* End PBXProject section */

/* Begin PBXResourcesBuildPhase section */
		927BD94E2B1193BF001693B8 /* Resources */ = {
			isa = PBXResourcesBuildPhase;
			buildActionMask = 2147483647;
			files = (
				927BD95B2B1193C0001693B8 /* Preview Assets.xcassets in Resources */,
				927BD9582B1193C0001693B8 /* Assets.xcassets in Resources */,
				927BD97B2B11A3D0001693B8 /* lib in Resources */,
				927BD9742B119902001693B8 /* include in Resources */,
			);
			runOnlyForDeploymentPostprocessing = 0;
		};
/* End PBXResourcesBuildPhase section */

/* Begin PBXSourcesBuildPhase section */
		927BD94C2B1193BF001693B8 /* Sources */ = {
			isa = PBXSourcesBuildPhase;
			buildActionMask = 2147483647;
			files = (
				927BD9562B1193BF001693B8 /* ContentView.swift in Sources */,
				927BD9832B11AD08001693B8 /* TextItem.swift in Sources */,
				927BD9812B11AA99001693B8 /* RenderItem.swift in Sources */,
				927BD9542B1193BF001693B8 /* gosub_client_macosApp.swift in Sources */,
				927BD9852B11BB92001693B8 /* RenderTree.swift in Sources */,
			);
			runOnlyForDeploymentPostprocessing = 0;
		};
/* End PBXSourcesBuildPhase section */

/* Begin XCBuildConfiguration section */
		927BD95D2B1193C0001693B8 /* Debug */ = {
			isa = XCBuildConfiguration;
			buildSettings = {
				ALWAYS_SEARCH_USER_PATHS = NO;
				ASSETCATALOG_COMPILER_GENERATE_SWIFT_ASSET_SYMBOL_EXTENSIONS = YES;
				CLANG_ANALYZER_NONNULL = YES;
				CLANG_ANALYZER_NUMBER_OBJECT_CONVERSION = YES_AGGRESSIVE;
				CLANG_CXX_LANGUAGE_STANDARD = "gnu++20";
				CLANG_ENABLE_MODULES = YES;
				CLANG_ENABLE_OBJC_ARC = YES;
				CLANG_ENABLE_OBJC_WEAK = YES;
				CLANG_WARN_BLOCK_CAPTURE_AUTORELEASING = YES;
				CLANG_WARN_BOOL_CONVERSION = YES;
				CLANG_WARN_COMMA = YES;
				CLANG_WARN_CONSTANT_CONVERSION = YES;
				CLANG_WARN_DEPRECATED_OBJC_IMPLEMENTATIONS = YES;
				CLANG_WARN_DIRECT_OBJC_ISA_USAGE = YES_ERROR;
				CLANG_WARN_DOCUMENTATION_COMMENTS = YES;
				CLANG_WARN_EMPTY_BODY = YES;
				CLANG_WARN_ENUM_CONVERSION = YES;
				CLANG_WARN_INFINITE_RECURSION = YES;
				CLANG_WARN_INT_CONVERSION = YES;
				CLANG_WARN_NON_LITERAL_NULL_CONVERSION = YES;
				CLANG_WARN_OBJC_IMPLICIT_RETAIN_SELF = YES;
				CLANG_WARN_OBJC_LITERAL_CONVERSION = YES;
				CLANG_WARN_OBJC_ROOT_CLASS = YES_ERROR;
				CLANG_WARN_QUOTED_INCLUDE_IN_FRAMEWORK_HEADER = YES;
				CLANG_WARN_RANGE_LOOP_ANALYSIS = YES;
				CLANG_WARN_STRICT_PROTOTYPES = YES;
				CLANG_WARN_SUSPICIOUS_MOVE = YES;
				CLANG_WARN_UNGUARDED_AVAILABILITY = YES_AGGRESSIVE;
				CLANG_WARN_UNREACHABLE_CODE = YES;
				CLANG_WARN__DUPLICATE_METHOD_MATCH = YES;
				COPY_PHASE_STRIP = NO;
				DEBUG_INFORMATION_FORMAT = dwarf;
				ENABLE_STRICT_OBJC_MSGSEND = YES;
				ENABLE_TESTABILITY = YES;
				ENABLE_USER_SCRIPT_SANDBOXING = YES;
				GCC_C_LANGUAGE_STANDARD = gnu17;
				GCC_DYNAMIC_NO_PIC = NO;
				GCC_NO_COMMON_BLOCKS = YES;
				GCC_OPTIMIZATION_LEVEL = 0;
				GCC_PREPROCESSOR_DEFINITIONS = (
					"DEBUG=1",
					"$(inherited)",
				);
				GCC_WARN_64_TO_32_BIT_CONVERSION = YES;
				GCC_WARN_ABOUT_RETURN_TYPE = YES_ERROR;
				GCC_WARN_UNDECLARED_SELECTOR = YES;
				GCC_WARN_UNINITIALIZED_AUTOS = YES_AGGRESSIVE;
				GCC_WARN_UNUSED_FUNCTION = YES;
				GCC_WARN_UNUSED_VARIABLE = YES;
				LOCALIZATION_PREFERS_STRING_CATALOGS = YES;
				MACOSX_DEPLOYMENT_TARGET = 13.5;
				MTL_ENABLE_DEBUG_INFO = INCLUDE_SOURCE;
				MTL_FAST_MATH = YES;
				ONLY_ACTIVE_ARCH = YES;
				OTHER_LDFLAGS = (
					"-lsqlite3",
					"-lm",
				);
				SDKROOT = macosx;
				SWIFT_ACTIVE_COMPILATION_CONDITIONS = "DEBUG $(inherited)";
				SWIFT_OPTIMIZATION_LEVEL = "-Onone";
			};
			name = Debug;
		};
		927BD95E2B1193C0001693B8 /* Release */ = {
			isa = XCBuildConfiguration;
			buildSettings = {
				ALWAYS_SEARCH_USER_PATHS = NO;
				ASSETCATALOG_COMPILER_GENERATE_SWIFT_ASSET_SYMBOL_EXTENSIONS = YES;
				CLANG_ANALYZER_NONNULL = YES;
				CLANG_ANALYZER_NUMBER_OBJECT_CONVERSION = YES_AGGRESSIVE;
				CLANG_CXX_LANGUAGE_STANDARD = "gnu++20";
				CLANG_ENABLE_MODULES = YES;
				CLANG_ENABLE_OBJC_ARC = YES;
				CLANG_ENABLE_OBJC_WEAK = YES;
				CLANG_WARN_BLOCK_CAPTURE_AUTORELEASING = YES;
				CLANG_WARN_BOOL_CONVERSION = YES;
				CLANG_WARN_COMMA = YES;
				CLANG_WARN_CONSTANT_CONVERSION = YES;
				CLANG_WARN_DEPRECATED_OBJC_IMPLEMENTATIONS = YES;
				CLANG_WARN_DIRECT_OBJC_ISA_USAGE = YES_ERROR;
				CLANG_WARN_DOCUMENTATION_COMMENTS = YES;
				CLANG_WARN_EMPTY_BODY = YES;
				CLANG_WARN_ENUM_CONVERSION = YES;
				CLANG_WARN_INFINITE_RECURSION = YES;
				CLANG_WARN_INT_CONVERSION = YES;
				CLANG_WARN_NON_LITERAL_NULL_CONVERSION = YES;
				CLANG_WARN_OBJC_IMPLICIT_RETAIN_SELF = YES;
				CLANG_WARN_OBJC_LITERAL_CONVERSION = YES;
				CLANG_WARN_OBJC_ROOT_CLASS = YES_ERROR;
				CLANG_WARN_QUOTED_INCLUDE_IN_FRAMEWORK_HEADER = YES;
				CLANG_WARN_RANGE_LOOP_ANALYSIS = YES;
				CLANG_WARN_STRICT_PROTOTYPES = YES;
				CLANG_WARN_SUSPICIOUS_MOVE = YES;
				CLANG_WARN_UNGUARDED_AVAILABILITY = YES_AGGRESSIVE;
				CLANG_WARN_UNREACHABLE_CODE = YES;
				CLANG_WARN__DUPLICATE_METHOD_MATCH = YES;
				COPY_PHASE_STRIP = NO;
				DEBUG_INFORMATION_FORMAT = "dwarf-with-dsym";
				ENABLE_NS_ASSERTIONS = NO;
				ENABLE_STRICT_OBJC_MSGSEND = YES;
				ENABLE_USER_SCRIPT_SANDBOXING = YES;
				GCC_C_LANGUAGE_STANDARD = gnu17;
				GCC_NO_COMMON_BLOCKS = YES;
				GCC_WARN_64_TO_32_BIT_CONVERSION = YES;
				GCC_WARN_ABOUT_RETURN_TYPE = YES_ERROR;
				GCC_WARN_UNDECLARED_SELECTOR = YES;
				GCC_WARN_UNINITIALIZED_AUTOS = YES_AGGRESSIVE;
				GCC_WARN_UNUSED_FUNCTION = YES;
				GCC_WARN_UNUSED_VARIABLE = YES;
				LOCALIZATION_PREFERS_STRING_CATALOGS = YES;
				MACOSX_DEPLOYMENT_TARGET = 13.5;
				MTL_ENABLE_DEBUG_INFO = NO;
				MTL_FAST_MATH = YES;
				OTHER_LDFLAGS = (
					"-lsqlite3",
					"-lm",
				);
				SDKROOT = macosx;
				SWIFT_COMPILATION_MODE = wholemodule;
			};
			name = Release;
		};
		927BD9602B1193C0001693B8 /* Debug */ = {
			isa = XCBuildConfiguration;
			buildSettings = {
				ASSETCATALOG_COMPILER_APPICON_NAME = AppIcon;
				ASSETCATALOG_COMPILER_GLOBAL_ACCENT_COLOR_NAME = AccentColor;
				CODE_SIGN_ENTITLEMENTS = "gosub-client-macos/gosub_client_macos.entitlements";
				CODE_SIGN_STYLE = Automatic;
				COMBINE_HIDPI_IMAGES = YES;
				CURRENT_PROJECT_VERSION = 1;
				DEVELOPMENT_ASSET_PATHS = "\"gosub-client-macos/Preview Content\"";
				ENABLE_PREVIEWS = YES;
				GENERATE_INFOPLIST_FILE = YES;
				INFOPLIST_KEY_NSHumanReadableCopyright = "";
				LD_RUNPATH_SEARCH_PATHS = (
					"$(inherited)",
					"@executable_path/../Frameworks",
					"@executable_path/../lib",
				);
				LIBRARY_SEARCH_PATHS = (
					"$(inherited)",
					"$(PROJECT_DIR)/lib",
				);
				MARKETING_VERSION = 1.0;
				PRODUCT_BUNDLE_IDENTIFIER = "com.gosub.gosub-client-macos";
				PRODUCT_NAME = "$(TARGET_NAME)";
				SWIFT_EMIT_LOC_STRINGS = YES;
				SWIFT_INCLUDE_PATHS = "\"$(SRCROOT)/include\"";
				SWIFT_OBJC_BRIDGING_HEADER = "/Users/zach/Development/gosub-client-macos/gosub-client-macos-Bridging-Header.h";
				SWIFT_VERSION = 5.0;
			};
			name = Debug;
		};
		927BD9612B1193C0001693B8 /* Release */ = {
			isa = XCBuildConfiguration;
			buildSettings = {
				ASSETCATALOG_COMPILER_APPICON_NAME = AppIcon;
				ASSETCATALOG_COMPILER_GLOBAL_ACCENT_COLOR_NAME = AccentColor;
				CODE_SIGN_ENTITLEMENTS = "gosub-client-macos/gosub_client_macos.entitlements";
				CODE_SIGN_STYLE = Automatic;
				COMBINE_HIDPI_IMAGES = YES;
				CURRENT_PROJECT_VERSION = 1;
				DEVELOPMENT_ASSET_PATHS = "\"gosub-client-macos/Preview Content\"";
				ENABLE_PREVIEWS = YES;
				GENERATE_INFOPLIST_FILE = YES;
				INFOPLIST_KEY_NSHumanReadableCopyright = "";
				LD_RUNPATH_SEARCH_PATHS = (
					"$(inherited)",
					"@executable_path/../Frameworks",
					"@executable_path/../lib",
				);
				LIBRARY_SEARCH_PATHS = (
					"$(inherited)",
					"$(PROJECT_DIR)/lib",
				);
				MARKETING_VERSION = 1.0;
				PRODUCT_BUNDLE_IDENTIFIER = "com.gosub.gosub-client-macos";
				PRODUCT_NAME = "$(TARGET_NAME)";
				SWIFT_EMIT_LOC_STRINGS = YES;
				SWIFT_INCLUDE_PATHS = "\"$(SRCROOT)/include\"";
				SWIFT_OBJC_BRIDGING_HEADER = "/Users/zach/Development/gosub-client-macos/gosub-client-macos-Bridging-Header.h";
				SWIFT_VERSION = 5.0;
			};
			name = Release;
		};
/* End XCBuildConfiguration section */

/* Begin XCConfigurationList section */
		927BD94B2B1193BF001693B8 /* Build configuration list for PBXProject "gosub-client-macos" */ = {
			isa = XCConfigurationList;
			buildConfigurations = (
				927BD95D2B1193C0001693B8 /* Debug */,
				927BD95E2B1193C0001693B8 /* Release */,
			);
			defaultConfigurationIsVisible = 0;
			defaultConfigurationName = Release;
		};
		927BD95F2B1193C0001693B8 /* Build configuration list for PBXNativeTarget "gosub-client-macos" */ = {
			isa = XCConfigurationList;
			buildConfigurations = (
				927BD9602B1193C0001693B8 /* Debug */,
				927BD9612B1193C0001693B8 /* Release */,
			);
			defaultConfigurationIsVisible = 0;
			defaultConfigurationName = Release;
		};
/* End XCConfigurationList section */
	};
	rootObject = 927BD9482B1193BF001693B8 /* Project object */;
}
